
Microsoft Visual Studio Solution File, Format Version 12.00
# Visual Studio Version 17
VisualStudioVersion = 17.5.33627.172
MinimumVisualStudioVersion = 10.0.40219.1
Project("{FAE04EC0-301F-11D3-BF4B-00C04F79EFBC}") = "Single Responsibility", "SOLIDExamples\Single Responsibility.csproj", "{A25C0F73-9277-4622-9272-204819B94648}"
EndProject
Project("{FAE04EC0-301F-11D3-BF4B-00C04F79EFBC}") = "Open Closed", "Open Closed\Open Closed.csproj", "{177DDCE7-D183-46E9-990B-9A1403D87EC5}"
EndProject
Project("{FAE04EC0-301F-11D3-BF4B-00C04F79EFBC}") = "Liskov Substitution", "Liskov Substitution\Liskov Substitution.csproj", "{261125D4-E34B-4F60-AF54-CA82FCC101C3}"
EndProject
Project("{FAE04EC0-301F-11D3-BF4B-00C04F79EFBC}") = "Interface Segregation", "Interface Segregation\Interface Segregation.csproj", "{551A9E34-9290-4505-ADD0-BAFE48A8BDC2}"
EndProject
Project("{FAE04EC0-301F-11D3-BF4B-00C04F79EFBC}") = "Dependency Inversion", "Dependency Inversion\Dependency Inversion.csproj", "{036439EE-B173-42B8-9251-1B3FC92EFB37}"
EndProject
Global
	GlobalSection(SolutionConfigurationPlatforms) = preSolution
		Debug|Any CPU = Debug|Any CPU
		Release|Any CPU = Release|Any CPU
	EndGlobalSection
	GlobalSection(ProjectConfigurationPlatforms) = postSolution
		{A25C0F73-9277-4622-9272-204819B94648}.Debug|Any CPU.ActiveCfg = Debug|Any CPU
		{A25C0F73-9277-4622-9272-204819B94648}.Debug|Any CPU.Build.0 = Debug|Any CPU
		{A25C0F73-9277-4622-9272-204819B94648}.Release|Any CPU.ActiveCfg = Release|Any CPU
		{A25C0F73-9277-4622-9272-204819B94648}.Release|Any CPU.Build.0 = Release|Any CPU
		{177DDCE7-D183-46E9-990B-9A1403D87EC5}.Debug|Any CPU.ActiveCfg = Debug|Any CPU
		{177DDCE7-D183-46E9-990B-9A1403D87EC5}.Debug|Any CPU.Build.0 = Debug|Any CPU
		{177DDCE7-D183-46E9-990B-9A1403D87EC5}.Release|Any CPU.ActiveCfg = Release|Any CPU
		{177DDCE7-D183-46E9-990B-9A1403D87EC5}.Release|Any CPU.Build.0 = Release|Any CPU
		{261125D4-E34B-4F60-AF54-CA82FCC101C3}.Debug|Any CPU.ActiveCfg = Debug|Any CPU
		{261125D4-E34B-4F60-AF54-CA82FCC101C3}.Debug|Any CPU.Build.0 = Debug|Any CPU
		{261125D4-E34B-4F60-AF54-CA82FCC101C3}.Release|Any CPU.ActiveCfg = Release|Any CPU
		{261125D4-E34B-4F60-AF54-CA82FCC101C3}.Release|Any CPU.Build.0 = Release|Any CPU
		{551A9E34-9290-4505-ADD0-BAFE48A8BDC2}.Debug|Any CPU.ActiveCfg = Debug|Any CPU
		{551A9E34-9290-4505-ADD0-BAFE48A8BDC2}.Debug|Any CPU.Build.0 = Debug|Any CPU
		{551A9E34-9290-4505-ADD0-BAFE48A8BDC2}.Release|Any CPU.ActiveCfg = Release|Any CPU
		{551A9E34-9290-4505-ADD0-BAFE48A8BDC2}.Release|Any CPU.Build.0 = Release|Any CPU
		{036439EE-B173-42B8-9251-1B3FC92EFB37}.Debug|Any CPU.ActiveCfg = Debug|Any CPU
		{036439EE-B173-42B8-9251-1B3FC92EFB37}.Debug|Any CPU.Build.0 = Debug|Any CPU
		{036439EE-B173-42B8-9251-1B3FC92EFB37}.Release|Any CPU.ActiveCfg = Release|Any CPU
		{036439EE-B173-42B8-9251-1B3FC92EFB37}.Release|Any CPU.Build.0 = Release|Any CPU
	EndGlobalSection
	GlobalSection(SolutionProperties) = preSolution
		HideSolutionNode = FALSE
	EndGlobalSection
	GlobalSection(ExtensibilityGlobals) = postSolution
		SolutionGuid = {C9C6213A-7860-4943-97F7-325A3ABBC8CA}
	EndGlobalSection
EndGlobal
